
Microsoft Visual Studio Solution File, Format Version 12.00
# Visual Studio 2012
Project("{FAE04EC0-301F-11D3-BF4B-00C04F79EFBC}") = "RestSharpTesting", "RestSharpTesting\RestSharpTesting.csproj", "{F348D98B-219E-43BD-A89B-01AF7AAF0105}"
EndProject
Project("{FAE04EC0-301F-11D3-BF4B-00C04F79EFBC}") = "RestSharpTesting.WebService", "RestSharpTesting.WebService\RestSharpTesting.WebService.csproj", "{782C05B9-7540-4F1A-AA50-B9582618C021}"
EndProject
Global
	GlobalSection(SolutionConfigurationPlatforms) = preSolution
		Debug|Any CPU = Debug|Any CPU
		Release|Any CPU = Release|Any CPU
	EndGlobalSection
	GlobalSection(ProjectConfigurationPlatforms) = postSolution
		{F348D98B-219E-43BD-A89B-01AF7AAF0105}.Debug|Any CPU.ActiveCfg = Debug|Any CPU
		{F348D98B-219E-43BD-A89B-01AF7AAF0105}.Debug|Any CPU.Build.0 = Debug|Any CPU
		{F348D98B-219E-43BD-A89B-01AF7AAF0105}.Release|Any CPU.ActiveCfg = Release|Any CPU
		{F348D98B-219E-43BD-A89B-01AF7AAF0105}.Release|Any CPU.Build.0 = Release|Any CPU
		{782C05B9-7540-4F1A-AA50-B9582618C021}.Debug|Any CPU.ActiveCfg = Debug|Any CPU
		{782C05B9-7540-4F1A-AA50-B9582618C021}.Debug|Any CPU.Build.0 = Debug|Any CPU
		{782C05B9-7540-4F1A-AA50-B9582618C021}.Release|Any CPU.ActiveCfg = Release|Any CPU
		{782C05B9-7540-4F1A-AA50-B9582618C021}.Release|Any CPU.Build.0 = Release|Any CPU
	EndGlobalSection
	GlobalSection(SolutionProperties) = preSolution
		HideSolutionNode = FALSE
	EndGlobalSection
EndGlobal
